{
  "name": "exoplanetary-data",
  "version": "1.0.0",
  "lockfileVersion": 2,
  "requires": true,
  "packages": {
    "": {
      "name": "exoplanetary-data",
      "version": "1.0.0",
      "license": "ISC",
      "dependencies": {
        "csv-parse": "^5.2.2"
      }
    },
    "node_modules/csv-parse": {
      "version": "5.2.2",
      "resolved": "https://registry.npmjs.org/csv-parse/-/csv-parse-5.2.2.tgz",
      "integrity": "sha512-WCQVGZM5YEj+2+mOuV0ss73GQi/pSlurOGD7qlJJi0sY9DPp2KiX7AInd3W1mjaxnIASlUIHirsTnLX5LoHF4g=="
    }
  },
  "dependencies": {
    "csv-parse": {
      "version": "5.2.2",
      "resolved": "https://registry.npmjs.org/csv-parse/-/csv-parse-5.2.2.tgz",
      "integrity": "sha512-WCQVGZM5YEj+2+mOuV0ss73GQi/pSlurOGD7qlJJi0sY9DPp2KiX7AInd3W1mjaxnIASlUIHirsTnLX5LoHF4g=="
    }
  }
}
